<Solution>
  <Folder Name="/Agents/">
    <File Path="../AGENTS.md" />
  </Folder>
  <Folder Name="/Agents/Skills/Game Boy Development/">
    <File Path="../.agents/skills/gameboy-development/SKILL.md" />
  </Folder>
  <Folder Name="/Agents/Skills/GBC.Net Exception Handling/">
    <File Path="../.agents/skills/gbc-net-exception-handling/SKILL.md" />
  </Folder>
  <Folder Name="/Agents/Skills/GBC.Net Logging/">
    <File Path="../.agents/skills/gbc-net-logging/SKILL.md" />
  </Folder>
  <Folder Name="/Agents/Skills/GBC.Net Testing/">
    <File Path="../.agents/skills/gbc-net-testing/SKILL.md" />
  </Folder>
  <Folder Name="/Source/">
    <Project Path="src/GbcNet.App/GbcNet.App.csproj" />
    <Project Path="src/GbcNet.Core/GbcNet.Core.csproj" />
  </Folder>
  <Folder Name="/Tests/">
    <Project Path="tests/GbcNet.Tests.Integration/GbcNet.Tests.Integration.csproj" />
    <Project Path="tests/GbcNet.Tests.Unit/GbcNet.Tests.Unit.csproj" />
  </Folder>
  <Folder Name="/Tests/GbcNet.Tests.Shared/">
    <File Path="tests/GbcNet.Tests.Shared/BootRomTestFactory.cs" />
    <File Path="tests/GbcNet.Tests.Shared/GlobalUsings.cs" />
    <File Path="tests/GbcNet.Tests.Shared/TestAudioOutput.cs" />
    <File Path="tests/GbcNet.Tests.Shared/TestRomFactory.cs" />
  </Folder>
</Solution>
